
Microsoft Visual Studio Solution File, Format Version 12.00
# Visual Studio Version 16
VisualStudioVersion = 25.0.1700.7
MinimumVisualStudioVersion = 10.0.40219.1
Project("{FAE04EC0-301F-11D3-BF4B-00C04F79EFBC}") = "InputOutput", "ExercisesDataTypes\InputOutput.csproj", "{A0E80B73-050C-4BB3-B8B3-83060FE2F4E9}"
EndProject
Project("{FAE04EC0-301F-11D3-BF4B-00C04F79EFBC}") = "NumericTypes", "NumericTypes\NumericTypes.csproj", "{AECE8AF7-26D7-4585-8F91-AEEF936391B9}"
EndProject
Project("{FAE04EC0-301F-11D3-BF4B-00C04F79EFBC}") = "MoreNumericTypes", "MoreNumericTypes\MoreNumericTypes.csproj", "{045007D7-EAC6-41A9-8AD2-648F633D9E88}"
EndProject
Project("{FAE04EC0-301F-11D3-BF4B-00C04F79EFBC}") = "StringsPractice", "Strings\StringsPractice.csproj", "{E43B5D67-63F8-4107-9CDB-D1B2B2B0DED2}"
EndProject
Global
	GlobalSection(SolutionConfigurationPlatforms) = preSolution
		Debug|Any CPU = Debug|Any CPU
		Release|Any CPU = Release|Any CPU
	EndGlobalSection
	GlobalSection(ProjectConfigurationPlatforms) = postSolution
		{A0E80B73-050C-4BB3-B8B3-83060FE2F4E9}.Debug|Any CPU.ActiveCfg = Debug|Any CPU
		{A0E80B73-050C-4BB3-B8B3-83060FE2F4E9}.Debug|Any CPU.Build.0 = Debug|Any CPU
		{A0E80B73-050C-4BB3-B8B3-83060FE2F4E9}.Release|Any CPU.ActiveCfg = Release|Any CPU
		{A0E80B73-050C-4BB3-B8B3-83060FE2F4E9}.Release|Any CPU.Build.0 = Release|Any CPU
		{AECE8AF7-26D7-4585-8F91-AEEF936391B9}.Debug|Any CPU.ActiveCfg = Debug|Any CPU
		{AECE8AF7-26D7-4585-8F91-AEEF936391B9}.Debug|Any CPU.Build.0 = Debug|Any CPU
		{AECE8AF7-26D7-4585-8F91-AEEF936391B9}.Release|Any CPU.ActiveCfg = Release|Any CPU
		{AECE8AF7-26D7-4585-8F91-AEEF936391B9}.Release|Any CPU.Build.0 = Release|Any CPU
		{045007D7-EAC6-41A9-8AD2-648F633D9E88}.Debug|Any CPU.ActiveCfg = Debug|Any CPU
		{045007D7-EAC6-41A9-8AD2-648F633D9E88}.Debug|Any CPU.Build.0 = Debug|Any CPU
		{045007D7-EAC6-41A9-8AD2-648F633D9E88}.Release|Any CPU.ActiveCfg = Release|Any CPU
		{045007D7-EAC6-41A9-8AD2-648F633D9E88}.Release|Any CPU.Build.0 = Release|Any CPU
		{E43B5D67-63F8-4107-9CDB-D1B2B2B0DED2}.Debug|Any CPU.ActiveCfg = Debug|Any CPU
		{E43B5D67-63F8-4107-9CDB-D1B2B2B0DED2}.Debug|Any CPU.Build.0 = Debug|Any CPU
		{E43B5D67-63F8-4107-9CDB-D1B2B2B0DED2}.Release|Any CPU.ActiveCfg = Release|Any CPU
		{E43B5D67-63F8-4107-9CDB-D1B2B2B0DED2}.Release|Any CPU.Build.0 = Release|Any CPU
	EndGlobalSection
	GlobalSection(SolutionProperties) = preSolution
		HideSolutionNode = FALSE
	EndGlobalSection
	GlobalSection(ExtensibilityGlobals) = postSolution
		SolutionGuid = {D511C1CD-4C47-43CD-8AA0-4F57B7AC1943}
	EndGlobalSection
EndGlobal
